{
  "name": "telegram-ai-bot",
  "version": "1.0.0",
  "lockfileVersion": 3,
  "requires": true,
  "packages": {
    "": {
      "name": "telegram-ai-bot",
      "version": "1.0.0",
      "dependencies": {
        "node-telegram-bot-api": "^0.64.0",
        "openai": "^4.0.0"
      }
    }
  }
}
